
Microsoft Visual Studio Solution File, Format Version 12.00
# Visual Studio Version 16
VisualStudioVersion = 16.0.32602.291
MinimumVisualStudioVersion = 10.0.40219.1
Project("{FAE04EC0-301F-11D3-BF4B-00C04F79EFBC}") = "Zadaca2", "Zadaca2\Zadaca2.csproj", "{9531FE4F-3E0A-4429-A770-E034E4ED50A6}"
EndProject
Project("{F14B399A-7131-4C87-9E4B-1186C45EF12D}") = "ReportPieces", "ReportPieces\ReportPieces.rptproj", "{47BBEA5F-EAE1-473D-B125-6FF3CFAE5FDB}"
EndProject
Project("{00D1A9C2-B5F0-4AF3-8072-F6C62B433612}") = "DataBaseScript", "DataBaseScript\DataBaseScript.sqlproj", "{CE01FC95-E140-4B28-8099-BA98BD8E0907}"
EndProject
Global
	GlobalSection(SolutionConfigurationPlatforms) = preSolution
		Debug|Any CPU = Debug|Any CPU
		DebugLocal|Any CPU = DebugLocal|Any CPU
		Release|Any CPU = Release|Any CPU
	EndGlobalSection
	GlobalSection(ProjectConfigurationPlatforms) = postSolution
		{9531FE4F-3E0A-4429-A770-E034E4ED50A6}.Debug|Any CPU.ActiveCfg = Debug|Any CPU
		{9531FE4F-3E0A-4429-A770-E034E4ED50A6}.Debug|Any CPU.Build.0 = Debug|Any CPU
		{9531FE4F-3E0A-4429-A770-E034E4ED50A6}.DebugLocal|Any CPU.ActiveCfg = Debug|Any CPU
		{9531FE4F-3E0A-4429-A770-E034E4ED50A6}.DebugLocal|Any CPU.Build.0 = Debug|Any CPU
		{9531FE4F-3E0A-4429-A770-E034E4ED50A6}.Release|Any CPU.ActiveCfg = Release|Any CPU
		{9531FE4F-3E0A-4429-A770-E034E4ED50A6}.Release|Any CPU.Build.0 = Release|Any CPU
		{47BBEA5F-EAE1-473D-B125-6FF3CFAE5FDB}.Debug|Any CPU.ActiveCfg = Debug
		{47BBEA5F-EAE1-473D-B125-6FF3CFAE5FDB}.Debug|Any CPU.Build.0 = Debug
		{47BBEA5F-EAE1-473D-B125-6FF3CFAE5FDB}.Debug|Any CPU.Deploy.0 = Debug
		{47BBEA5F-EAE1-473D-B125-6FF3CFAE5FDB}.DebugLocal|Any CPU.ActiveCfg = DebugLocal
		{47BBEA5F-EAE1-473D-B125-6FF3CFAE5FDB}.DebugLocal|Any CPU.Build.0 = DebugLocal
		{47BBEA5F-EAE1-473D-B125-6FF3CFAE5FDB}.Release|Any CPU.ActiveCfg = Release
		{47BBEA5F-EAE1-473D-B125-6FF3CFAE5FDB}.Release|Any CPU.Build.0 = Release
		{47BBEA5F-EAE1-473D-B125-6FF3CFAE5FDB}.Release|Any CPU.Deploy.0 = Release
		{CE01FC95-E140-4B28-8099-BA98BD8E0907}.Debug|Any CPU.ActiveCfg = Debug|Any CPU
		{CE01FC95-E140-4B28-8099-BA98BD8E0907}.Debug|Any CPU.Build.0 = Debug|Any CPU
		{CE01FC95-E140-4B28-8099-BA98BD8E0907}.Debug|Any CPU.Deploy.0 = Debug|Any CPU
		{CE01FC95-E140-4B28-8099-BA98BD8E0907}.DebugLocal|Any CPU.ActiveCfg = Debug|Any CPU
		{CE01FC95-E140-4B28-8099-BA98BD8E0907}.DebugLocal|Any CPU.Build.0 = Debug|Any CPU
		{CE01FC95-E140-4B28-8099-BA98BD8E0907}.DebugLocal|Any CPU.Deploy.0 = Debug|Any CPU
		{CE01FC95-E140-4B28-8099-BA98BD8E0907}.Release|Any CPU.ActiveCfg = Release|Any CPU
		{CE01FC95-E140-4B28-8099-BA98BD8E0907}.Release|Any CPU.Build.0 = Release|Any CPU
		{CE01FC95-E140-4B28-8099-BA98BD8E0907}.Release|Any CPU.Deploy.0 = Release|Any CPU
	EndGlobalSection
	GlobalSection(SolutionProperties) = preSolution
		HideSolutionNode = FALSE
	EndGlobalSection
	GlobalSection(ExtensibilityGlobals) = postSolution
		SolutionGuid = {0AB672F0-32F4-436C-A9C4-4611D569BA45}
	EndGlobalSection
EndGlobal
